// !$*UTF8*$!
{
	archiveVersion = 1;
	classes = {
	};
	objectVersion = 55;
	objects = {

/* Begin PBXBuildFile section */
		F244163E2775912E001F4DDA /* AppDelegate.swift in Sources */ = {isa = PBXBuildFile; fileRef = F244163D2775912E001F4DDA /* AppDelegate.swift */; };
		F24416422775912E001F4DDA /* MainViewController.swift in Sources */ = {isa = PBXBuildFile; fileRef = F24416412775912E001F4DDA /* MainViewController.swift */; };
		F24416452775912E001F4DDA /* Main.storyboard in Resources */ = {isa = PBXBuildFile; fileRef = F24416432775912E001F4DDA /* Main.storyboard */; };
		F244164727759138001F4DDA /* Assets.xcassets in Resources */ = {isa = PBXBuildFile; fileRef = F244164627759138001F4DDA /* Assets.xcassets */; };
		F244164A27759138001F4DDA /* LaunchScreen.storyboard in Resources */ = {isa = PBXBuildFile; fileRef = F244164827759138001F4DDA /* LaunchScreen.storyboard */; };
		F24416552775913A001F4DDA /* Wongnai_iOS_InterviewTests.swift in Sources */ = {isa = PBXBuildFile; fileRef = F24416542775913A001F4DDA /* Wongnai_iOS_InterviewTests.swift */; };
		F244165F2775913A001F4DDA /* Wongnai_iOS_InterviewUITests.swift in Sources */ = {isa = PBXBuildFile; fileRef = F244165E2775913A001F4DDA /* Wongnai_iOS_InterviewUITests.swift */; };
		F24416612775913A001F4DDA /* Wongnai_iOS_InterviewUITestsLaunchTests.swift in Sources */ = {isa = PBXBuildFile; fileRef = F24416602775913A001F4DDA /* Wongnai_iOS_InterviewUITestsLaunchTests.swift */; };
		F2F28CC02776F1810062D591 /* ImageInfoRequest.swift in Sources */ = {isa = PBXBuildFile; fileRef = F2F28CBF2776F1810062D591 /* ImageInfoRequest.swift */; };
		F2F28CC22776F2040062D591 /* ImageInfo.swift in Sources */ = {isa = PBXBuildFile; fileRef = F2F28CC12776F2040062D591 /* ImageInfo.swift */; };
		F2F28CC52777FB4B0062D591 /* TableViewCell.swift in Sources */ = {isa = PBXBuildFile; fileRef = F2F28CC32777FB4B0062D591 /* TableViewCell.swift */; };
		F2F28CC62777FB4B0062D591 /* TableViewCell.xib in Resources */ = {isa = PBXBuildFile; fileRef = F2F28CC42777FB4B0062D591 /* TableViewCell.xib */; };
		F2F28CC8277842EF0062D591 /* SceneDelegate.swift in Sources */ = {isa = PBXBuildFile; fileRef = F2F28CC7277842EF0062D591 /* SceneDelegate.swift */; };
/* End PBXBuildFile section */

/* Begin PBXContainerItemProxy section */
		F24416512775913A001F4DDA /* PBXContainerItemProxy */ = {
			isa = PBXContainerItemProxy;
			containerPortal = F24416322775912D001F4DDA /* Project object */;
			proxyType = 1;
			remoteGlobalIDString = F24416392775912E001F4DDA;
			remoteInfo = "Wongnai iOS Interview";
		};
		F244165B2775913A001F4DDA /* PBXContainerItemProxy */ = {
			isa = PBXContainerItemProxy;
			containerPortal = F24416322775912D001F4DDA /* Project object */;
			proxyType = 1;
			remoteGlobalIDString = F24416392775912E001F4DDA;
			remoteInfo = "Wongnai iOS Interview";
		};
/* End PBXContainerItemProxy section */

/* Begin PBXFileReference section */
		F244163A2775912E001F4DDA /* Wongnai iOS Interview.app */ = {isa = PBXFileReference; explicitFileType = wrapper.application; includeInIndex = 0; path = "Wongnai iOS Interview.app"; sourceTree = BUILT_PRODUCTS_DIR; };
		F244163D2775912E001F4DDA /* AppDelegate.swift */ = {isa = PBXFileReference; lastKnownFileType = sourcecode.swift; path = AppDelegate.swift; sourceTree = "<group>"; };
		F24416412775912E001F4DDA /* MainViewController.swift */ = {isa = PBXFileReference; lastKnownFileType = sourcecode.swift; path = MainViewController.swift; sourceTree = "<group>"; };
		F24416442775912E001F4DDA /* Base */ = {isa = PBXFileReference; lastKnownFileType = file.storyboard; name = Base; path = Base.lproj/Main.storyboard; sourceTree = "<group>"; };
		F244164627759138001F4DDA /* Assets.xcassets */ = {isa = PBXFileReference; lastKnownFileType = folder.assetcatalog; path = Assets.xcassets; sourceTree = "<group>"; };
		F244164927759138001F4DDA /* Base */ = {isa = PBXFileReference; lastKnownFileType = file.storyboard; name = Base; path = Base.lproj/LaunchScreen.storyboard; sourceTree = "<group>"; };
		F244164B27759138001F4DDA /* Info.plist */ = {isa = PBXFileReference; lastKnownFileType = text.plist.xml; path = Info.plist; sourceTree = "<group>"; };
		F24416502775913A001F4DDA /* Wongnai iOS InterviewTests.xctest */ = {isa = PBXFileReference; explicitFileType = wrapper.cfbundle; includeInIndex = 0; path = "Wongnai iOS InterviewTests.xctest"; sourceTree = BUILT_PRODUCTS_DIR; };
		F24416542775913A001F4DDA /* Wongnai_iOS_InterviewTests.swift */ = {isa = PBXFileReference; lastKnownFileType = sourcecode.swift; path = Wongnai_iOS_InterviewTests.swift; sourceTree = "<group>"; };
		F244165A2775913A001F4DDA /* Wongnai iOS InterviewUITests.xctest */ = {isa = PBXFileReference; explicitFileType = wrapper.cfbundle; includeInIndex = 0; path = "Wongnai iOS InterviewUITests.xctest"; sourceTree = BUILT_PRODUCTS_DIR; };
		F244165E2775913A001F4DDA /* Wongnai_iOS_InterviewUITests.swift */ = {isa = PBXFileReference; lastKnownFileType = sourcecode.swift; path = Wongnai_iOS_InterviewUITests.swift; sourceTree = "<group>"; };
		F24416602775913A001F4DDA /* Wongnai_iOS_InterviewUITestsLaunchTests.swift */ = {isa = PBXFileReference; lastKnownFileType = sourcecode.swift; path = Wongnai_iOS_InterviewUITestsLaunchTests.swift; sourceTree = "<group>"; };
		F244166D277591AD001F4DDA /* th */ = {isa = PBXFileReference; lastKnownFileType = text.plist.strings; name = th; path = th.lproj/Main.strings; sourceTree = "<group>"; };
		F244166E277591AD001F4DDA /* th */ = {isa = PBXFileReference; lastKnownFileType = text.plist.strings; name = th; path = th.lproj/LaunchScreen.strings; sourceTree = "<group>"; };
		F2F28CBF2776F1810062D591 /* ImageInfoRequest.swift */ = {isa = PBXFileReference; lastKnownFileType = sourcecode.swift; path = ImageInfoRequest.swift; sourceTree = "<group>"; };
		F2F28CC12776F2040062D591 /* ImageInfo.swift */ = {isa = PBXFileReference; lastKnownFileType = sourcecode.swift; path = ImageInfo.swift; sourceTree = "<group>"; };
		F2F28CC32777FB4B0062D591 /* TableViewCell.swift */ = {isa = PBXFileReference; lastKnownFileType = sourcecode.swift; path = TableViewCell.swift; sourceTree = "<group>"; };
		F2F28CC42777FB4B0062D591 /* TableViewCell.xib */ = {isa = PBXFileReference; lastKnownFileType = file.xib; path = TableViewCell.xib; sourceTree = "<group>"; };
		F2F28CC7277842EF0062D591 /* SceneDelegate.swift */ = {isa = PBXFileReference; lastKnownFileType = sourcecode.swift; path = SceneDelegate.swift; sourceTree = "<group>"; };
/* End PBXFileReference section */

/* Begin PBXFrameworksBuildPhase section */
		F24416372775912E001F4DDA /* Frameworks */ = {
			isa = PBXFrameworksBuildPhase;
			buildActionMask = 2147483647;
			files = (
			);
			runOnlyForDeploymentPostprocessing = 0;
		};
		F244164D27759139001F4DDA /* Frameworks */ = {
			isa = PBXFrameworksBuildPhase;
			buildActionMask = 2147483647;
			files = (
			);
			runOnlyForDeploymentPostprocessing = 0;
		};
		F24416572775913A001F4DDA /* Frameworks */ = {
			isa = PBXFrameworksBuildPhase;
			buildActionMask = 2147483647;
			files = (
			);
			runOnlyForDeploymentPostprocessing = 0;
		};
/* End PBXFrameworksBuildPhase section */

/* Begin PBXGroup section */
		F24416312775912D001F4DDA = {
			isa = PBXGroup;
			children = (
				F244163C2775912E001F4DDA /* Wongnai iOS Interview */,
				F24416532775913A001F4DDA /* Wongnai iOS InterviewTests */,
				F244165D2775913A001F4DDA /* Wongnai iOS InterviewUITests */,
				F244163B2775912E001F4DDA /* Products */,
			);
			sourceTree = "<group>";
		};
		F244163B2775912E001F4DDA /* Products */ = {
			isa = PBXGroup;
			children = (
				F244163A2775912E001F4DDA /* Wongnai iOS Interview.app */,
				F24416502775913A001F4DDA /* Wongnai iOS InterviewTests.xctest */,
				F244165A2775913A001F4DDA /* Wongnai iOS InterviewUITests.xctest */,
			);
			name = Products;
			sourceTree = "<group>";
		};
		F244163C2775912E001F4DDA /* Wongnai iOS Interview */ = {
			isa = PBXGroup;
			children = (
				F244163D2775912E001F4DDA /* AppDelegate.swift */,
				F2F28CC7277842EF0062D591 /* SceneDelegate.swift */,
				F24416412775912E001F4DDA /* MainViewController.swift */,
				F2F28CBF2776F1810062D591 /* ImageInfoRequest.swift */,
				F2F28CC12776F2040062D591 /* ImageInfo.swift */,
				F2F28CC32777FB4B0062D591 /* TableViewCell.swift */,
				F2F28CC42777FB4B0062D591 /* TableViewCell.xib */,
				F24416432775912E001F4DDA /* Main.storyboard */,
				F244164627759138001F4DDA /* Assets.xcassets */,
				F244164827759138001F4DDA /* LaunchScreen.storyboard */,
				F244164B27759138001F4DDA /* Info.plist */,
			);
			path = "Wongnai iOS Interview";
			sourceTree = "<group>";
		};
		F24416532775913A001F4DDA /* Wongnai iOS InterviewTests */ = {
			isa = PBXGroup;
			children = (
				F24416542775913A001F4DDA /* Wongnai_iOS_InterviewTests.swift */,
			);
			path = "Wongnai iOS InterviewTests";
			sourceTree = "<group>";
		};
		F244165D2775913A001F4DDA /* Wongnai iOS InterviewUITests */ = {
			isa = PBXGroup;
			children = (
				F244165E2775913A001F4DDA /* Wongnai_iOS_InterviewUITests.swift */,
				F24416602775913A001F4DDA /* Wongnai_iOS_InterviewUITestsLaunchTests.swift */,
			);
			path = "Wongnai iOS InterviewUITests";
			sourceTree = "<group>";
		};
/* End PBXGroup section */

/* Begin PBXNativeTarget section */
		F24416392775912E001F4DDA /* Wongnai iOS Interview */ = {
			isa = PBXNativeTarget;
			buildConfigurationList = F24416642775913A001F4DDA /* Build configuration list for PBXNativeTarget "Wongnai iOS Interview" */;
			buildPhases = (
				F24416362775912E001F4DDA /* Sources */,
				F24416372775912E001F4DDA /* Frameworks */,
				F24416382775912E001F4DDA /* Resources */,
			);
			buildRules = (
			);
			dependencies = (
			);
			name = "Wongnai iOS Interview";
			productName = "Wongnai iOS Interview";
			productReference = F244163A2775912E001F4DDA /* Wongnai iOS Interview.app */;
			productType = "com.apple.product-type.application";
		};
		F244164F27759139001F4DDA /* Wongnai iOS InterviewTests */ = {
			isa = PBXNativeTarget;
			buildConfigurationList = F24416672775913A001F4DDA /* Build configuration list for PBXNativeTarget "Wongnai iOS InterviewTests" */;
			buildPhases = (
				F244164C27759139001F4DDA /* Sources */,
				F244164D27759139001F4DDA /* Frameworks */,
				F244164E27759139001F4DDA /* Resources */,
			);
			buildRules = (
			);
			dependencies = (
				F24416522775913A001F4DDA /* PBXTargetDependency */,
			);
			name = "Wongnai iOS InterviewTests";
			productName = "Wongnai iOS InterviewTests";
			productReference = F24416502775913A001F4DDA /* Wongnai iOS InterviewTests.xctest */;
			productType = "com.apple.product-type.bundle.unit-test";
		};
		F24416592775913A001F4DDA /* Wongnai iOS InterviewUITests */ = {
			isa = PBXNativeTarget;
			buildConfigurationList = F244166A2775913A001F4DDA /* Build configuration list for PBXNativeTarget "Wongnai iOS InterviewUITests" */;
			buildPhases = (
				F24416562775913A001F4DDA /* Sources */,
				F24416572775913A001F4DDA /* Frameworks */,
				F24416582775913A001F4DDA /* Resources */,
			);
			buildRules = (
			);
			dependencies = (
				F244165C2775913A001F4DDA /* PBXTargetDependency */,
			);
			name = "Wongnai iOS InterviewUITests";
			productName = "Wongnai iOS InterviewUITests";
			productReference = F244165A2775913A001F4DDA /* Wongnai iOS InterviewUITests.xctest */;
			productType = "com.apple.product-type.bundle.ui-testing";
		};
/* End PBXNativeTarget section */

/* Begin PBXProject section */
		F24416322775912D001F4DDA /* Project object */ = {
			isa = PBXProject;
			attributes = {
				BuildIndependentTargetsInParallel = 1;
				LastSwiftUpdateCheck = 1310;
				LastUpgradeCheck = 1310;
				TargetAttributes = {
					F24416392775912E001F4DDA = {
						CreatedOnToolsVersion = 13.1;
					};
					F244164F27759139001F4DDA = {
						CreatedOnToolsVersion = 13.1;
						TestTargetID = F24416392775912E001F4DDA;
					};
					F24416592775913A001F4DDA = {
						CreatedOnToolsVersion = 13.1;
						TestTargetID = F24416392775912E001F4DDA;
					};
				};
			};
			buildConfigurationList = F24416352775912E001F4DDA /* Build configuration list for PBXProject "Wongnai iOS Interview" */;
			compatibilityVersion = "Xcode 13.0";
			developmentRegion = en;
			hasScannedForEncodings = 0;
			knownRegions = (
				en,
				Base,
				th,
			);
			mainGroup = F24416312775912D001F4DDA;
			productRefGroup = F244163B2775912E001F4DDA /* Products */;
			projectDirPath = "";
			projectRoot = "";
			targets = (
				F24416392775912E001F4DDA /* Wongnai iOS Interview */,
				F244164F27759139001F4DDA /* Wongnai iOS InterviewTests */,
				F24416592775913A001F4DDA /* Wongnai iOS InterviewUITests */,
			);
		};
/* End PBXProject section */

/* Begin PBXResourcesBuildPhase section */
		F24416382775912E001F4DDA /* Resources */ = {
			isa = PBXResourcesBuildPhase;
			buildActionMask = 2147483647;
			files = (
				F244164A27759138001F4DDA /* LaunchScreen.storyboard in Resources */,
				F2F28CC62777FB4B0062D591 /* TableViewCell.xib in Resources */,
				F244164727759138001F4DDA /* Assets.xcassets in Resources */,
				F24416452775912E001F4DDA /* Main.storyboard in Resources */,
			);
			runOnlyForDeploymentPostprocessing = 0;
		};
		F244164E27759139001F4DDA /* Resources */ = {
			isa = PBXResourcesBuildPhase;
			buildActionMask = 2147483647;
			files = (
			);
			runOnlyForDeploymentPostprocessing = 0;
		};
		F24416582775913A001F4DDA /* Resources */ = {
			isa = PBXResourcesBuildPhase;
			buildActionMask = 2147483647;
			files = (
			);
			runOnlyForDeploymentPostprocessing = 0;
		};
/* End PBXResourcesBuildPhase section */

/* Begin PBXSourcesBuildPhase section */
		F24416362775912E001F4DDA /* Sources */ = {
			isa = PBXSourcesBuildPhase;
			buildActionMask = 2147483647;
			files = (
				F2F28CC52777FB4B0062D591 /* TableViewCell.swift in Sources */,
				F24416422775912E001F4DDA /* MainViewController.swift in Sources */,
				F2F28CC02776F1810062D591 /* ImageInfoRequest.swift in Sources */,
				F2F28CC22776F2040062D591 /* ImageInfo.swift in Sources */,
				F244163E2775912E001F4DDA /* AppDelegate.swift in Sources */,
				F2F28CC8277842EF0062D591 /* SceneDelegate.swift in Sources */,
			);
			runOnlyForDeploymentPostprocessing = 0;
		};
		F244164C27759139001F4DDA /* Sources */ = {
			isa = PBXSourcesBuildPhase;
			buildActionMask = 2147483647;
			files = (
				F24416552775913A001F4DDA /* Wongnai_iOS_InterviewTests.swift in Sources */,
			);
			runOnlyForDeploymentPostprocessing = 0;
		};
		F24416562775913A001F4DDA /* Sources */ = {
			isa = PBXSourcesBuildPhase;
			buildActionMask = 2147483647;
			files = (
				F24416612775913A001F4DDA /* Wongnai_iOS_InterviewUITestsLaunchTests.swift in Sources */,
				F244165F2775913A001F4DDA /* Wongnai_iOS_InterviewUITests.swift in Sources */,
			);
			runOnlyForDeploymentPostprocessing = 0;
		};
/* End PBXSourcesBuildPhase section */

/* Begin PBXTargetDependency section */
		F24416522775913A001F4DDA /* PBXTargetDependency */ = {
			isa = PBXTargetDependency;
			target = F24416392775912E001F4DDA /* Wongnai iOS Interview */;
			targetProxy = F24416512775913A001F4DDA /* PBXContainerItemProxy */;
		};
		F244165C2775913A001F4DDA /* PBXTargetDependency */ = {
			isa = PBXTargetDependency;
			target = F24416392775912E001F4DDA /* Wongnai iOS Interview */;
			targetProxy = F244165B2775913A001F4DDA /* PBXContainerItemProxy */;
		};
/* End PBXTargetDependency section */

/* Begin PBXVariantGroup section */
		F24416432775912E001F4DDA /* Main.storyboard */ = {
			isa = PBXVariantGroup;
			children = (
				F24416442775912E001F4DDA /* Base */,
				F244166D277591AD001F4DDA /* th */,
			);
			name = Main.storyboard;
			sourceTree = "<group>";
		};
		F244164827759138001F4DDA /* LaunchScreen.storyboard */ = {
			isa = PBXVariantGroup;
			children = (
				F244164927759138001F4DDA /* Base */,
				F244166E277591AD001F4DDA /* th */,
			);
			name = LaunchScreen.storyboard;
			sourceTree = "<group>";
		};
/* End PBXVariantGroup section */

/* Begin XCBuildConfiguration section */
		F24416622775913A001F4DDA /* Debug */ = {
			isa = XCBuildConfiguration;
			buildSettings = {
				ALWAYS_SEARCH_USER_PATHS = NO;
				CLANG_ANALYZER_LOCALIZABILITY_NONLOCALIZED = YES;
				CLANG_ANALYZER_NONNULL = YES;
				CLANG_ANALYZER_NUMBER_OBJECT_CONVERSION = YES_AGGRESSIVE;
				CLANG_CXX_LANGUAGE_STANDARD = "gnu++17";
				CLANG_CXX_LIBRARY = "libc++";
				CLANG_ENABLE_MODULES = YES;
				CLANG_ENABLE_OBJC_ARC = YES;
				CLANG_ENABLE_OBJC_WEAK = YES;
				CLANG_WARN_BLOCK_CAPTURE_AUTORELEASING = YES;
				CLANG_WARN_BOOL_CONVERSION = YES;
				CLANG_WARN_COMMA = YES;
				CLANG_WARN_CONSTANT_CONVERSION = YES;
				CLANG_WARN_DEPRECATED_OBJC_IMPLEMENTATIONS = YES;
				CLANG_WARN_DIRECT_OBJC_ISA_USAGE = YES_ERROR;
				CLANG_WARN_DOCUMENTATION_COMMENTS = YES;
				CLANG_WARN_EMPTY_BODY = YES;
				CLANG_WARN_ENUM_CONVERSION = YES;
				CLANG_WARN_INFINITE_RECURSION = YES;
				CLANG_WARN_INT_CONVERSION = YES;
				CLANG_WARN_NON_LITERAL_NULL_CONVERSION = YES;
				CLANG_WARN_OBJC_IMPLICIT_RETAIN_SELF = YES;
				CLANG_WARN_OBJC_LITERAL_CONVERSION = YES;
				CLANG_WARN_OBJC_ROOT_CLASS = YES_ERROR;
				CLANG_WARN_QUOTED_INCLUDE_IN_FRAMEWORK_HEADER = YES;
				CLANG_WARN_RANGE_LOOP_ANALYSIS = YES;
				CLANG_WARN_STRICT_PROTOTYPES = YES;
				CLANG_WARN_SUSPICIOUS_MOVE = YES;
				CLANG_WARN_UNGUARDED_AVAILABILITY = YES_AGGRESSIVE;
				CLANG_WARN_UNREACHABLE_CODE = YES;
				CLANG_WARN__DUPLICATE_METHOD_MATCH = YES;
				COPY_PHASE_STRIP = NO;
				DEBUG_INFORMATION_FORMAT = dwarf;
				ENABLE_STRICT_OBJC_MSGSEND = YES;
				ENABLE_TESTABILITY = YES;
				GCC_C_LANGUAGE_STANDARD = gnu11;
				GCC_DYNAMIC_NO_PIC = NO;
				GCC_NO_COMMON_BLOCKS = YES;
				GCC_OPTIMIZATION_LEVEL = 0;
				GCC_PREPROCESSOR_DEFINITIONS = (
					"DEBUG=1",
					"$(inherited)",
				);
				GCC_WARN_64_TO_32_BIT_CONVERSION = YES;
				GCC_WARN_ABOUT_RETURN_TYPE = YES_ERROR;
				GCC_WARN_UNDECLARED_SELECTOR = YES;
				GCC_WARN_UNINITIALIZED_AUTOS = YES_AGGRESSIVE;
				GCC_WARN_UNUSED_FUNCTION = YES;
				GCC_WARN_UNUSED_VARIABLE = YES;
				IPHONEOS_DEPLOYMENT_TARGET = 12.0;
				MTL_ENABLE_DEBUG_INFO = INCLUDE_SOURCE;
				MTL_FAST_MATH = YES;
				ONLY_ACTIVE_ARCH = YES;
				SDKROOT = iphoneos;
				SWIFT_ACTIVE_COMPILATION_CONDITIONS = DEBUG;
				SWIFT_OPTIMIZATION_LEVEL = "-Onone";
			};
			name = Debug;
		};
		F24416632775913A001F4DDA /* Release */ = {
			isa = XCBuildConfiguration;
			buildSettings = {
				ALWAYS_SEARCH_USER_PATHS = NO;
				CLANG_ANALYZER_LOCALIZABILITY_NONLOCALIZED = YES;
				CLANG_ANALYZER_NONNULL = YES;
				CLANG_ANALYZER_NUMBER_OBJECT_CONVERSION = YES_AGGRESSIVE;
				CLANG_CXX_LANGUAGE_STANDARD = "gnu++17";
				CLANG_CXX_LIBRARY = "libc++";
				CLANG_ENABLE_MODULES = YES;
				CLANG_ENABLE_OBJC_ARC = YES;
				CLANG_ENABLE_OBJC_WEAK = YES;
				CLANG_WARN_BLOCK_CAPTURE_AUTORELEASING = YES;
				CLANG_WARN_BOOL_CONVERSION = YES;
				CLANG_WARN_COMMA = YES;
				CLANG_WARN_CONSTANT_CONVERSION = YES;
				CLANG_WARN_DEPRECATED_OBJC_IMPLEMENTATIONS = YES;
				CLANG_WARN_DIRECT_OBJC_ISA_USAGE = YES_ERROR;
				CLANG_WARN_DOCUMENTATION_COMMENTS = YES;
				CLANG_WARN_EMPTY_BODY = YES;
				CLANG_WARN_ENUM_CONVERSION = YES;
				CLANG_WARN_INFINITE_RECURSION = YES;
				CLANG_WARN_INT_CONVERSION = YES;
				CLANG_WARN_NON_LITERAL_NULL_CONVERSION = YES;
				CLANG_WARN_OBJC_IMPLICIT_RETAIN_SELF = YES;
				CLANG_WARN_OBJC_LITERAL_CONVERSION = YES;
				CLANG_WARN_OBJC_ROOT_CLASS = YES_ERROR;
				CLANG_WARN_QUOTED_INCLUDE_IN_FRAMEWORK_HEADER = YES;
				CLANG_WARN_RANGE_LOOP_ANALYSIS = YES;
				CLANG_WARN_STRICT_PROTOTYPES = YES;
				CLANG_WARN_SUSPICIOUS_MOVE = YES;
				CLANG_WARN_UNGUARDED_AVAILABILITY = YES_AGGRESSIVE;
				CLANG_WARN_UNREACHABLE_CODE = YES;
				CLANG_WARN__DUPLICATE_METHOD_MATCH = YES;
				COPY_PHASE_STRIP = NO;
				DEBUG_INFORMATION_FORMAT = "dwarf-with-dsym";
				ENABLE_NS_ASSERTIONS = NO;
				ENABLE_STRICT_OBJC_MSGSEND = YES;
				GCC_C_LANGUAGE_STANDARD = gnu11;
				GCC_NO_COMMON_BLOCKS = YES;
				GCC_WARN_64_TO_32_BIT_CONVERSION = YES;
				GCC_WARN_ABOUT_RETURN_TYPE = YES_ERROR;
				GCC_WARN_UNDECLARED_SELECTOR = YES;
				GCC_WARN_UNINITIALIZED_AUTOS = YES_AGGRESSIVE;
				GCC_WARN_UNUSED_FUNCTION = YES;
				GCC_WARN_UNUSED_VARIABLE = YES;
				IPHONEOS_DEPLOYMENT_TARGET = 12.0;
				MTL_ENABLE_DEBUG_INFO = NO;
				MTL_FAST_MATH = YES;
				SDKROOT = iphoneos;
				SWIFT_COMPILATION_MODE = wholemodule;
				SWIFT_OPTIMIZATION_LEVEL = "-O";
				VALIDATE_PRODUCT = YES;
			};
			name = Release;
		};
		F24416652775913A001F4DDA /* Debug */ = {
			isa = XCBuildConfiguration;
			buildSettings = {
				ASSETCATALOG_COMPILER_APPICON_NAME = AppIcon;
				ASSETCATALOG_COMPILER_GLOBAL_ACCENT_COLOR_NAME = AccentColor;
				CODE_SIGN_STYLE = Automatic;
				CURRENT_PROJECT_VERSION = 1;
				DEVELOPMENT_TEAM = V2SNLS6CYA;
				GENERATE_INFOPLIST_FILE = YES;
				INFOPLIST_FILE = "Wongnai iOS Interview/Info.plist";
				INFOPLIST_KEY_UIApplicationSupportsIndirectInputEvents = YES;
				INFOPLIST_KEY_UILaunchStoryboardName = LaunchScreen;
				INFOPLIST_KEY_UIMainStoryboardFile = Main;
				INFOPLIST_KEY_UISupportedInterfaceOrientations_iPad = "UIInterfaceOrientationPortrait UIInterfaceOrientationPortraitUpsideDown UIInterfaceOrientationLandscapeLeft UIInterfaceOrientationLandscapeRight";
				INFOPLIST_KEY_UISupportedInterfaceOrientations_iPhone = "UIInterfaceOrientationPortrait UIInterfaceOrientationLandscapeLeft UIInterfaceOrientationLandscapeRight";
				IPHONEOS_DEPLOYMENT_TARGET = 12.0;
				LD_RUNPATH_SEARCH_PATHS = (
					"$(inherited)",
					"@executable_path/Frameworks",
				);
				MARKETING_VERSION = 1.0;
				PRODUCT_BUNDLE_IDENTIFIER = "chch.Wongnai-iOS-Interview";
				PRODUCT_NAME = "$(TARGET_NAME)";
				SWIFT_EMIT_LOC_STRINGS = YES;
				SWIFT_VERSION = 5.0;
				TARGETED_DEVICE_FAMILY = "1,2";
			};
			name = Debug;
		};
		F24416662775913A001F4DDA /* Release */ = {
			isa = XCBuildConfiguration;
			buildSettings = {
				ASSETCATALOG_COMPILER_APPICON_NAME = AppIcon;
				ASSETCATALOG_COMPILER_GLOBAL_ACCENT_COLOR_NAME = AccentColor;
				CODE_SIGN_STYLE = Automatic;
				CURRENT_PROJECT_VERSION = 1;
				DEVELOPMENT_TEAM = V2SNLS6CYA;
				GENERATE_INFOPLIST_FILE = YES;
				INFOPLIST_FILE = "Wongnai iOS Interview/Info.plist";
				INFOPLIST_KEY_UIApplicationSupportsIndirectInputEvents = YES;
				INFOPLIST_KEY_UILaunchStoryboardName = LaunchScreen;
				INFOPLIST_KEY_UIMainStoryboardFile = Main;
				INFOPLIST_KEY_UISupportedInterfaceOrientations_iPad = "UIInterfaceOrientationPortrait UIInterfaceOrientationPortraitUpsideDown UIInterfaceOrientationLandscapeLeft UIInterfaceOrientationLandscapeRight";
				INFOPLIST_KEY_UISupportedInterfaceOrientations_iPhone = "UIInterfaceOrientationPortrait UIInterfaceOrientationLandscapeLeft UIInterfaceOrientationLandscapeRight";
				IPHONEOS_DEPLOYMENT_TARGET = 12.0;
				LD_RUNPATH_SEARCH_PATHS = (
					"$(inherited)",
					"@executable_path/Frameworks",
				);
				MARKETING_VERSION = 1.0;
				PRODUCT_BUNDLE_IDENTIFIER = "chch.Wongnai-iOS-Interview";
				PRODUCT_NAME = "$(TARGET_NAME)";
				SWIFT_EMIT_LOC_STRINGS = YES;
				SWIFT_VERSION = 5.0;
				TARGETED_DEVICE_FAMILY = "1,2";
			};
			name = Release;
		};
		F24416682775913A001F4DDA /* Debug */ = {
			isa = XCBuildConfiguration;
			buildSettings = {
				ALWAYS_EMBED_SWIFT_STANDARD_LIBRARIES = YES;
				BUNDLE_LOADER = "$(TEST_HOST)";
				CODE_SIGN_STYLE = Automatic;
				CURRENT_PROJECT_VERSION = 1;
				DEVELOPMENT_TEAM = V2SNLS6CYA;
				GENERATE_INFOPLIST_FILE = YES;
				IPHONEOS_DEPLOYMENT_TARGET = 15.0;
				LD_RUNPATH_SEARCH_PATHS = (
					"$(inherited)",
					"@executable_path/Frameworks",
					"@loader_path/Frameworks",
				);
				MARKETING_VERSION = 1.0;
				PRODUCT_BUNDLE_IDENTIFIER = "chch.Wongnai-iOS-InterviewTests";
				PRODUCT_NAME = "$(TARGET_NAME)";
				SWIFT_EMIT_LOC_STRINGS = NO;
				SWIFT_VERSION = 5.0;
				TARGETED_DEVICE_FAMILY = "1,2";
				TEST_HOST = "$(BUILT_PRODUCTS_DIR)/Wongnai iOS Interview.app/Wongnai iOS Interview";
			};
			name = Debug;
		};
		F24416692775913A001F4DDA /* Release */ = {
			isa = XCBuildConfiguration;
			buildSettings = {
				ALWAYS_EMBED_SWIFT_STANDARD_LIBRARIES = YES;
				BUNDLE_LOADER = "$(TEST_HOST)";
				CODE_SIGN_STYLE = Automatic;
				CURRENT_PROJECT_VERSION = 1;
				DEVELOPMENT_TEAM = V2SNLS6CYA;
				GENERATE_INFOPLIST_FILE = YES;
				IPHONEOS_DEPLOYMENT_TARGET = 15.0;
				LD_RUNPATH_SEARCH_PATHS = (
					"$(inherited)",
					"@executable_path/Frameworks",
					"@loader_path/Frameworks",
				);
				MARKETING_VERSION = 1.0;
				PRODUCT_BUNDLE_IDENTIFIER = "chch.Wongnai-iOS-InterviewTests";
				PRODUCT_NAME = "$(TARGET_NAME)";
				SWIFT_EMIT_LOC_STRINGS = NO;
				SWIFT_VERSION = 5.0;
				TARGETED_DEVICE_FAMILY = "1,2";
				TEST_HOST = "$(BUILT_PRODUCTS_DIR)/Wongnai iOS Interview.app/Wongnai iOS Interview";
			};
			name = Release;
		};
		F244166B2775913A001F4DDA /* Debug */ = {
			isa = XCBuildConfiguration;
			buildSettings = {
				ALWAYS_EMBED_SWIFT_STANDARD_LIBRARIES = YES;
				CODE_SIGN_STYLE = Automatic;
				CURRENT_PROJECT_VERSION = 1;
				DEVELOPMENT_TEAM = V2SNLS6CYA;
				GENERATE_INFOPLIST_FILE = YES;
				LD_RUNPATH_SEARCH_PATHS = (
					"$(inherited)",
					"@executable_path/Frameworks",
					"@loader_path/Frameworks",
				);
				MARKETING_VERSION = 1.0;
				PRODUCT_BUNDLE_IDENTIFIER = "chch.Wongnai-iOS-InterviewUITests";
				PRODUCT_NAME = "$(TARGET_NAME)";
				SWIFT_EMIT_LOC_STRINGS = NO;
				SWIFT_VERSION = 5.0;
				TARGETED_DEVICE_FAMILY = "1,2";
				TEST_TARGET_NAME = "Wongnai iOS Interview";
			};
			name = Debug;
		};
		F244166C2775913A001F4DDA /* Release */ = {
			isa = XCBuildConfiguration;
			buildSettings = {
				ALWAYS_EMBED_SWIFT_STANDARD_LIBRARIES = YES;
				CODE_SIGN_STYLE = Automatic;
				CURRENT_PROJECT_VERSION = 1;
				DEVELOPMENT_TEAM = V2SNLS6CYA;
				GENERATE_INFOPLIST_FILE = YES;
				LD_RUNPATH_SEARCH_PATHS = (
					"$(inherited)",
					"@executable_path/Frameworks",
					"@loader_path/Frameworks",
				);
				MARKETING_VERSION = 1.0;
				PRODUCT_BUNDLE_IDENTIFIER = "chch.Wongnai-iOS-InterviewUITests";
				PRODUCT_NAME = "$(TARGET_NAME)";
				SWIFT_EMIT_LOC_STRINGS = NO;
				SWIFT_VERSION = 5.0;
				TARGETED_DEVICE_FAMILY = "1,2";
				TEST_TARGET_NAME = "Wongnai iOS Interview";
			};
			name = Release;
		};
/* End XCBuildConfiguration section */

/* Begin XCConfigurationList section */
		F24416352775912E001F4DDA /* Build configuration list for PBXProject "Wongnai iOS Interview" */ = {
			isa = XCConfigurationList;
			buildConfigurations = (
				F24416622775913A001F4DDA /* Debug */,
				F24416632775913A001F4DDA /* Release */,
			);
			defaultConfigurationIsVisible = 0;
			defaultConfigurationName = Release;
		};
		F24416642775913A001F4DDA /* Build configuration list for PBXNativeTarget "Wongnai iOS Interview" */ = {
			isa = XCConfigurationList;
			buildConfigurations = (
				F24416652775913A001F4DDA /* Debug */,
				F24416662775913A001F4DDA /* Release */,
			);
			defaultConfigurationIsVisible = 0;
			defaultConfigurationName = Release;
		};
		F24416672775913A001F4DDA /* Build configuration list for PBXNativeTarget "Wongnai iOS InterviewTests" */ = {
			isa = XCConfigurationList;
			buildConfigurations = (
				F24416682775913A001F4DDA /* Debug */,
				F24416692775913A001F4DDA /* Release */,
			);
			defaultConfigurationIsVisible = 0;
			defaultConfigurationName = Release;
		};
		F244166A2775913A001F4DDA /* Build configuration list for PBXNativeTarget "Wongnai iOS InterviewUITests" */ = {
			isa = XCConfigurationList;
			buildConfigurations = (
				F244166B2775913A001F4DDA /* Debug */,
				F244166C2775913A001F4DDA /* Release */,
			);
			defaultConfigurationIsVisible = 0;
			defaultConfigurationName = Release;
		};
/* End XCConfigurationList section */
	};
	rootObject = F24416322775912D001F4DDA /* Project object */;
}
